
Microsoft Visual Studio Solution File, Format Version 12.00
# Visual Studio 15
VisualStudioVersion = 15.0.28010.2036
MinimumVisualStudioVersion = 10.0.40219.1
Project("{FAE04EC0-301F-11D3-BF4B-00C04F79EFBC}") = "RazorPagesMovie", "RazorPagesMovie\RazorPagesMovie.csproj", "{171E003A-C3F7-403D-99AA-019E3184132B}"
EndProject
Global
	GlobalSection(SolutionConfigurationPlatforms) = preSolution
		Debug|Any CPU = Debug|Any CPU
		Release|Any CPU = Release|Any CPU
	EndGlobalSection
	GlobalSection(ProjectConfigurationPlatforms) = postSolution
		{171E003A-C3F7-403D-99AA-019E3184132B}.Debug|Any CPU.ActiveCfg = Debug|Any CPU
		{171E003A-C3F7-403D-99AA-019E3184132B}.Debug|Any CPU.Build.0 = Debug|Any CPU
		{171E003A-C3F7-403D-99AA-019E3184132B}.Release|Any CPU.ActiveCfg = Release|Any CPU
		{171E003A-C3F7-403D-99AA-019E3184132B}.Release|Any CPU.Build.0 = Release|Any CPU
	EndGlobalSection
	GlobalSection(SolutionProperties) = preSolution
		HideSolutionNode = FALSE
	EndGlobalSection
	GlobalSection(ExtensibilityGlobals) = postSolution
		SolutionGuid = {E4B3CC35-3AD9-4C23-B82B-2F409827F866}
	EndGlobalSection
EndGlobal
